
Microsoft Visual Studio Solution File, Format Version 12.00
# Visual Studio Version 17
VisualStudioVersion = 17.9.34701.34
MinimumVisualStudioVersion = 10.0.40219.1
Project("{2150E333-8FDC-42A3-9474-1A3956D46DE8}") = "Services", "Services", "{F940C178-B8B0-4015-A32E-1BE29E4A33C0}"
EndProject
Project("{2150E333-8FDC-42A3-9474-1A3956D46DE8}") = "Catalog", "Catalog", "{50A363B8-7157-4AD2-9039-8948430A9CAC}"
EndProject
Project("{9A19103F-16F7-4668-BE54-9A1E7A4F7556}") = "Catalog.API", "Services\Catalog\Catalog.API\Catalog.API.csproj", "{8997C4C8-B0BB-44EC-B49C-B5B3CA8C87FD}"
EndProject
Project("{2150E333-8FDC-42A3-9474-1A3956D46DE8}") = "BuildingBlocks", "BuildingBlocks", "{C5CF41FD-3965-4D8E-A552-59F7A910EB59}"
EndProject
Project("{9A19103F-16F7-4668-BE54-9A1E7A4F7556}") = "BuildingBlocks", "BuildingBlocks\BuildingBlocks\BuildingBlocks.csproj", "{0F354FDF-0B4D-4EA8-BD58-CEAA62BE0C19}"
EndProject
Project("{E53339B2-1760-4266-BCC7-CA923CBCF16C}") = "docker-compose", "docker-compose.dcproj", "{7A43E2F0-FC3B-4FE6-A9D0-513633A39989}"
EndProject
Project("{2150E333-8FDC-42A3-9474-1A3956D46DE8}") = "Reservation", "Reservation", "{4FCBAD72-C76C-401F-9AF1-9A773673BD8E}"
EndProject
Project("{2150E333-8FDC-42A3-9474-1A3956D46DE8}") = "Discount", "Discount", "{1D6067B0-6E87-4AB3-88F2-C8E642DAF25A}"
EndProject
Project("{9A19103F-16F7-4668-BE54-9A1E7A4F7556}") = "Discount.Grpc", "Services\Discount\Discount.Grpc\Discount.Grpc.csproj", "{064C3E93-BAAE-4018-8F17-08ECD3D80468}"
EndProject
Project("{2150E333-8FDC-42A3-9474-1A3956D46DE8}") = "Booking", "Booking", "{2A2E7D89-D41F-4408-BAF0-F2A8A2BF2EE3}"
EndProject
Project("{9A19103F-16F7-4668-BE54-9A1E7A4F7556}") = "Booking.API", "Services\Booking\Booking.API\Booking.API.csproj", "{4D076CAE-ABED-4AFD-B8A2-AB7A3D96D596}"
EndProject
Project("{9A19103F-16F7-4668-BE54-9A1E7A4F7556}") = "Booking.Application", "Services\Booking\Booking.Application\Booking.Application.csproj", "{1C2F155A-A506-4FB8-A1C8-81500959EC2A}"
EndProject
Project("{9A19103F-16F7-4668-BE54-9A1E7A4F7556}") = "Booking.Domain", "Services\Booking\Booking.Domain\Booking.Domain.csproj", "{5397E2C2-5608-4681-9AF4-34173B452CD0}"
EndProject
Project("{9A19103F-16F7-4668-BE54-9A1E7A4F7556}") = "Booking.Infrastructure", "Services\Booking\Booking.Infrastructure\Booking.Infrastructure.csproj", "{348520E4-3DAD-4839-8CF5-1E08210906AE}"
EndProject
Project("{9A19103F-16F7-4668-BE54-9A1E7A4F7556}") = "Booking.Tests", "Services\Booking\Booking.Tests\Booking.Tests.csproj", "{30CCD739-78A8-4120-BB21-6677D359F02F}"
EndProject
Project("{9A19103F-16F7-4668-BE54-9A1E7A4F7556}") = "Reservation.API", "Services\Reservation\Reservation.API\Reservation.API.csproj", "{481215DB-C8A8-4656-BF79-D05E1E93A34A}"
EndProject
Project("{9A19103F-16F7-4668-BE54-9A1E7A4F7556}") = "BuildingBlocks.Messaging", "BuildingBlocks\BuildingBlocks.Messaging\BuildingBlocks.Messaging.csproj", "{37B884A7-B160-48CD-96AC-D38972C37959}"
EndProject
Project("{2150E333-8FDC-42A3-9474-1A3956D46DE8}") = "Gateways", "Gateways", "{75481203-4261-48A5-9EE9-684AE72B9338}"
EndProject
Project("{FAE04EC0-301F-11D3-BF4B-00C04F79EFBC}") = "ApiGateway", "Gateways\ApiGateway\ApiGateway.csproj", "{990A27C0-B30F-4445-A43C-88E6366D68AA}"
EndProject
Project("{2150E333-8FDC-42A3-9474-1A3956D46DE8}") = "Frontend", "Frontend", "{9F23D47E-A31A-4012-A2D2-F321CE9FA36C}"
EndProject
Project("{2150E333-8FDC-42A3-9474-1A3956D46DE8}") = "Auth", "Auth", "{9771066E-4815-4AB9-9A41-2AE2EFCFB40B}"
EndProject
Project("{FAE04EC0-301F-11D3-BF4B-00C04F79EFBC}") = "Auth.API", "Services\Auth\Auth.API\Auth.API.csproj", "{F48CC3C6-FEEE-493B-9F20-DF2F72FCE204}"
EndProject
Project("{FAE04EC0-301F-11D3-BF4B-00C04F79EFBC}") = "Discount.Grpc.Tests", "Services\Discount\Discount.Grpc.Tests\Discount.Grpc.Tests.csproj", "{2F238BB7-181A-4D05-AA08-88DEE6FA0E2A}"
EndProject
Project("{FAE04EC0-301F-11D3-BF4B-00C04F79EFBC}") = "Auth.Tests", "..\Auth.Tests\Auth.Tests.csproj", "{DED0D921-A357-4CF2-A922-6BD0BB610391}"
EndProject
Global
	GlobalSection(SolutionConfigurationPlatforms) = preSolution
		Debug|Any CPU = Debug|Any CPU
		Release|Any CPU = Release|Any CPU
	EndGlobalSection
	GlobalSection(ProjectConfigurationPlatforms) = postSolution
		{8997C4C8-B0BB-44EC-B49C-B5B3CA8C87FD}.Debug|Any CPU.ActiveCfg = Debug|Any CPU
		{8997C4C8-B0BB-44EC-B49C-B5B3CA8C87FD}.Debug|Any CPU.Build.0 = Debug|Any CPU
		{8997C4C8-B0BB-44EC-B49C-B5B3CA8C87FD}.Release|Any CPU.ActiveCfg = Release|Any CPU
		{8997C4C8-B0BB-44EC-B49C-B5B3CA8C87FD}.Release|Any CPU.Build.0 = Release|Any CPU
		{0F354FDF-0B4D-4EA8-BD58-CEAA62BE0C19}.Debug|Any CPU.ActiveCfg = Debug|Any CPU
		{0F354FDF-0B4D-4EA8-BD58-CEAA62BE0C19}.Debug|Any CPU.Build.0 = Debug|Any CPU
		{0F354FDF-0B4D-4EA8-BD58-CEAA62BE0C19}.Release|Any CPU.ActiveCfg = Release|Any CPU
		{0F354FDF-0B4D-4EA8-BD58-CEAA62BE0C19}.Release|Any CPU.Build.0 = Release|Any CPU
		{7A43E2F0-FC3B-4FE6-A9D0-513633A39989}.Debug|Any CPU.ActiveCfg = Debug|Any CPU
		{7A43E2F0-FC3B-4FE6-A9D0-513633A39989}.Debug|Any CPU.Build.0 = Debug|Any CPU
		{7A43E2F0-FC3B-4FE6-A9D0-513633A39989}.Release|Any CPU.ActiveCfg = Release|Any CPU
		{7A43E2F0-FC3B-4FE6-A9D0-513633A39989}.Release|Any CPU.Build.0 = Release|Any CPU
		{064C3E93-BAAE-4018-8F17-08ECD3D80468}.Debug|Any CPU.ActiveCfg = Debug|Any CPU
		{064C3E93-BAAE-4018-8F17-08ECD3D80468}.Debug|Any CPU.Build.0 = Debug|Any CPU
		{064C3E93-BAAE-4018-8F17-08ECD3D80468}.Release|Any CPU.ActiveCfg = Release|Any CPU
		{064C3E93-BAAE-4018-8F17-08ECD3D80468}.Release|Any CPU.Build.0 = Release|Any CPU
		{4D076CAE-ABED-4AFD-B8A2-AB7A3D96D596}.Debug|Any CPU.ActiveCfg = Debug|Any CPU
		{4D076CAE-ABED-4AFD-B8A2-AB7A3D96D596}.Debug|Any CPU.Build.0 = Debug|Any CPU
		{4D076CAE-ABED-4AFD-B8A2-AB7A3D96D596}.Release|Any CPU.ActiveCfg = Release|Any CPU
		{4D076CAE-ABED-4AFD-B8A2-AB7A3D96D596}.Release|Any CPU.Build.0 = Release|Any CPU
		{1C2F155A-A506-4FB8-A1C8-81500959EC2A}.Debug|Any CPU.ActiveCfg = Debug|Any CPU
		{1C2F155A-A506-4FB8-A1C8-81500959EC2A}.Debug|Any CPU.Build.0 = Debug|Any CPU
		{1C2F155A-A506-4FB8-A1C8-81500959EC2A}.Release|Any CPU.ActiveCfg = Release|Any CPU
		{1C2F155A-A506-4FB8-A1C8-81500959EC2A}.Release|Any CPU.Build.0 = Release|Any CPU
		{5397E2C2-5608-4681-9AF4-34173B452CD0}.Debug|Any CPU.ActiveCfg = Debug|Any CPU
		{5397E2C2-5608-4681-9AF4-34173B452CD0}.Debug|Any CPU.Build.0 = Debug|Any CPU
		{5397E2C2-5608-4681-9AF4-34173B452CD0}.Release|Any CPU.ActiveCfg = Release|Any CPU
		{5397E2C2-5608-4681-9AF4-34173B452CD0}.Release|Any CPU.Build.0 = Release|Any CPU
		{348520E4-3DAD-4839-8CF5-1E08210906AE}.Debug|Any CPU.ActiveCfg = Debug|Any CPU
		{348520E4-3DAD-4839-8CF5-1E08210906AE}.Debug|Any CPU.Build.0 = Debug|Any CPU
		{348520E4-3DAD-4839-8CF5-1E08210906AE}.Release|Any CPU.ActiveCfg = Release|Any CPU
		{348520E4-3DAD-4839-8CF5-1E08210906AE}.Release|Any CPU.Build.0 = Release|Any CPU
		{30CCD739-78A8-4120-BB21-6677D359F02F}.Debug|Any CPU.ActiveCfg = Debug|Any CPU
		{30CCD739-78A8-4120-BB21-6677D359F02F}.Debug|Any CPU.Build.0 = Debug|Any CPU
		{30CCD739-78A8-4120-BB21-6677D359F02F}.Release|Any CPU.ActiveCfg = Release|Any CPU
		{30CCD739-78A8-4120-BB21-6677D359F02F}.Release|Any CPU.Build.0 = Release|Any CPU
		{481215DB-C8A8-4656-BF79-D05E1E93A34A}.Debug|Any CPU.ActiveCfg = Debug|Any CPU
		{481215DB-C8A8-4656-BF79-D05E1E93A34A}.Debug|Any CPU.Build.0 = Debug|Any CPU
		{481215DB-C8A8-4656-BF79-D05E1E93A34A}.Release|Any CPU.ActiveCfg = Release|Any CPU
		{481215DB-C8A8-4656-BF79-D05E1E93A34A}.Release|Any CPU.Build.0 = Release|Any CPU
		{37B884A7-B160-48CD-96AC-D38972C37959}.Debug|Any CPU.ActiveCfg = Debug|Any CPU
		{37B884A7-B160-48CD-96AC-D38972C37959}.Debug|Any CPU.Build.0 = Debug|Any CPU
		{37B884A7-B160-48CD-96AC-D38972C37959}.Release|Any CPU.ActiveCfg = Release|Any CPU
		{37B884A7-B160-48CD-96AC-D38972C37959}.Release|Any CPU.Build.0 = Release|Any CPU
		{990A27C0-B30F-4445-A43C-88E6366D68AA}.Debug|Any CPU.ActiveCfg = Debug|Any CPU
		{990A27C0-B30F-4445-A43C-88E6366D68AA}.Debug|Any CPU.Build.0 = Debug|Any CPU
		{990A27C0-B30F-4445-A43C-88E6366D68AA}.Release|Any CPU.ActiveCfg = Release|Any CPU
		{990A27C0-B30F-4445-A43C-88E6366D68AA}.Release|Any CPU.Build.0 = Release|Any CPU
		{F48CC3C6-FEEE-493B-9F20-DF2F72FCE204}.Debug|Any CPU.ActiveCfg = Debug|Any CPU
		{F48CC3C6-FEEE-493B-9F20-DF2F72FCE204}.Debug|Any CPU.Build.0 = Debug|Any CPU
		{F48CC3C6-FEEE-493B-9F20-DF2F72FCE204}.Release|Any CPU.ActiveCfg = Release|Any CPU
		{F48CC3C6-FEEE-493B-9F20-DF2F72FCE204}.Release|Any CPU.Build.0 = Release|Any CPU
		{2F238BB7-181A-4D05-AA08-88DEE6FA0E2A}.Debug|Any CPU.ActiveCfg = Debug|Any CPU
		{2F238BB7-181A-4D05-AA08-88DEE6FA0E2A}.Debug|Any CPU.Build.0 = Debug|Any CPU
		{2F238BB7-181A-4D05-AA08-88DEE6FA0E2A}.Release|Any CPU.ActiveCfg = Release|Any CPU
		{2F238BB7-181A-4D05-AA08-88DEE6FA0E2A}.Release|Any CPU.Build.0 = Release|Any CPU
		{DED0D921-A357-4CF2-A922-6BD0BB610391}.Debug|Any CPU.ActiveCfg = Debug|Any CPU
		{DED0D921-A357-4CF2-A922-6BD0BB610391}.Debug|Any CPU.Build.0 = Debug|Any CPU
		{DED0D921-A357-4CF2-A922-6BD0BB610391}.Release|Any CPU.ActiveCfg = Release|Any CPU
		{DED0D921-A357-4CF2-A922-6BD0BB610391}.Release|Any CPU.Build.0 = Release|Any CPU
	EndGlobalSection
	GlobalSection(SolutionProperties) = preSolution
		HideSolutionNode = FALSE
	EndGlobalSection
	GlobalSection(NestedProjects) = preSolution
		{50A363B8-7157-4AD2-9039-8948430A9CAC} = {F940C178-B8B0-4015-A32E-1BE29E4A33C0}
		{8997C4C8-B0BB-44EC-B49C-B5B3CA8C87FD} = {50A363B8-7157-4AD2-9039-8948430A9CAC}
		{0F354FDF-0B4D-4EA8-BD58-CEAA62BE0C19} = {C5CF41FD-3965-4D8E-A552-59F7A910EB59}
		{4FCBAD72-C76C-401F-9AF1-9A773673BD8E} = {F940C178-B8B0-4015-A32E-1BE29E4A33C0}
		{1D6067B0-6E87-4AB3-88F2-C8E642DAF25A} = {F940C178-B8B0-4015-A32E-1BE29E4A33C0}
		{064C3E93-BAAE-4018-8F17-08ECD3D80468} = {1D6067B0-6E87-4AB3-88F2-C8E642DAF25A}
		{2A2E7D89-D41F-4408-BAF0-F2A8A2BF2EE3} = {F940C178-B8B0-4015-A32E-1BE29E4A33C0}
		{4D076CAE-ABED-4AFD-B8A2-AB7A3D96D596} = {2A2E7D89-D41F-4408-BAF0-F2A8A2BF2EE3}
		{1C2F155A-A506-4FB8-A1C8-81500959EC2A} = {2A2E7D89-D41F-4408-BAF0-F2A8A2BF2EE3}
		{5397E2C2-5608-4681-9AF4-34173B452CD0} = {2A2E7D89-D41F-4408-BAF0-F2A8A2BF2EE3}
		{348520E4-3DAD-4839-8CF5-1E08210906AE} = {2A2E7D89-D41F-4408-BAF0-F2A8A2BF2EE3}
		{30CCD739-78A8-4120-BB21-6677D359F02F} = {2A2E7D89-D41F-4408-BAF0-F2A8A2BF2EE3}
		{481215DB-C8A8-4656-BF79-D05E1E93A34A} = {4FCBAD72-C76C-401F-9AF1-9A773673BD8E}
		{37B884A7-B160-48CD-96AC-D38972C37959} = {C5CF41FD-3965-4D8E-A552-59F7A910EB59}
		{990A27C0-B30F-4445-A43C-88E6366D68AA} = {75481203-4261-48A5-9EE9-684AE72B9338}
		{9771066E-4815-4AB9-9A41-2AE2EFCFB40B} = {F940C178-B8B0-4015-A32E-1BE29E4A33C0}
		{F48CC3C6-FEEE-493B-9F20-DF2F72FCE204} = {9771066E-4815-4AB9-9A41-2AE2EFCFB40B}
		{2F238BB7-181A-4D05-AA08-88DEE6FA0E2A} = {1D6067B0-6E87-4AB3-88F2-C8E642DAF25A}
		{DED0D921-A357-4CF2-A922-6BD0BB610391} = {9771066E-4815-4AB9-9A41-2AE2EFCFB40B}
	EndGlobalSection
	GlobalSection(ExtensibilityGlobals) = postSolution
		SolutionGuid = {358539A4-5BD9-4E87-8597-CBC1F99E0DD3}
	EndGlobalSection
EndGlobal
